{
  "object": {
    "pins": [
      {
        "package": "TransactiOSSDK",
        "repositoryURL": "https://github.com/atomicfi/TransactiOSSDK",
        "state": {
          "branch": null,
          "revision": "5969f84684f5cc985168b57816d03532ff90a384",
          "version": "1.0.0"
        }
      }
    ]
  },
  "version": 1
}
